
Microsoft Visual Studio Solution File, Format Version 12.00
# Visual Studio Version 17
VisualStudioVersion = 17.0.31512.422
MinimumVisualStudioVersion = 10.0.40219.1
Project("{FAE04EC0-301F-11D3-BF4B-00C04F79EFBC}") = "FurnitureTask", "FurnitureTask\FurnitureTask.csproj", "{5997EA8B-1509-412A-B4B2-5A1751C12EDD}"
EndProject
Global
	GlobalSection(SolutionConfigurationPlatforms) = preSolution
		Debug|Any CPU = Debug|Any CPU
		Release|Any CPU = Release|Any CPU
	EndGlobalSection
	GlobalSection(ProjectConfigurationPlatforms) = postSolution
		{5997EA8B-1509-412A-B4B2-5A1751C12EDD}.Debug|Any CPU.ActiveCfg = Debug|Any CPU
		{5997EA8B-1509-412A-B4B2-5A1751C12EDD}.Debug|Any CPU.Build.0 = Debug|Any CPU
		{5997EA8B-1509-412A-B4B2-5A1751C12EDD}.Release|Any CPU.ActiveCfg = Release|Any CPU
		{5997EA8B-1509-412A-B4B2-5A1751C12EDD}.Release|Any CPU.Build.0 = Release|Any CPU
	EndGlobalSection
	GlobalSection(SolutionProperties) = preSolution
		HideSolutionNode = FALSE
	EndGlobalSection
	GlobalSection(ExtensibilityGlobals) = postSolution
		SolutionGuid = {538EDF79-1B58-47C1-AB53-E7D152C776F9}
	EndGlobalSection
EndGlobal
